
Microsoft Visual Studio Solution File, Format Version 12.00
# Visual Studio Version 17
VisualStudioVersion = 17.2.32519.379
MinimumVisualStudioVersion = 10.0.40219.1
Project("{FAE04EC0-301F-11D3-BF4B-00C04F79EFBC}") = "SignFix  Project", "SignFix  Project\SignFix  Project.csproj", "{AC72BF88-8C25-4E79-AFDF-CA1C04DD0E14}"
EndProject
Global
	GlobalSection(SolutionConfigurationPlatforms) = preSolution
		Debug|Any CPU = Debug|Any CPU
		Release|Any CPU = Release|Any CPU
	EndGlobalSection
	GlobalSection(ProjectConfigurationPlatforms) = postSolution
		{AC72BF88-8C25-4E79-AFDF-CA1C04DD0E14}.Debug|Any CPU.ActiveCfg = Debug|Any CPU
		{AC72BF88-8C25-4E79-AFDF-CA1C04DD0E14}.Debug|Any CPU.Build.0 = Debug|Any CPU
		{AC72BF88-8C25-4E79-AFDF-CA1C04DD0E14}.Release|Any CPU.ActiveCfg = Release|Any CPU
		{AC72BF88-8C25-4E79-AFDF-CA1C04DD0E14}.Release|Any CPU.Build.0 = Release|Any CPU
	EndGlobalSection
	GlobalSection(SolutionProperties) = preSolution
		HideSolutionNode = FALSE
	EndGlobalSection
	GlobalSection(ExtensibilityGlobals) = postSolution
		SolutionGuid = {176C4235-063E-4F45-99A8-2109EF26EA4F}
	EndGlobalSection
EndGlobal
